{
  "name": "asc-workspace",
  "version": "0.2.1",
  "lockfileVersion": 3,
  "requires": true,
  "packages": {
    "": {
      "name": "asc-workspace",
      "version": "0.2.1",
      "license": "ISC",
      "workspaces": [
        "packages/*"
      ],
      "devDependencies": {
        "@types/node": "^26.2.0",
        "typescript": "^5.9.3"
      },
      "engines": {
        "node": ">=24"
      }
    },
    "node_modules/@asc-agent/bootstrap": {
      "resolved": "packages/bootstrap",
      "link": true
    },
    "node_modules/@asc-agent/runtime": {
      "resolved": "packages/runtime",
      "link": true
    },
    "node_modules/@types/node": {
      "version": "26.2.0",
      "dev": true,
      "license": "MIT",
      "dependencies": {
        "undici-types": "~8.3.0"
      }
    },
    "node_modules/typescript": {
      "version": "5.9.3",
      "dev": true,
      "license": "Apache-2.0",
      "bin": {
        "tsc": "bin/tsc",
        "tsserver": "bin/tsserver"
      },
      "engines": {
        "node": ">=14.17"
      }
    },
    "node_modules/undici-types": {
      "version": "8.3.0",
      "dev": true,
      "license": "MIT"
    },
    "node_modules/zod": {
      "version": "3.25.76",
      "license": "MIT",
      "funding": {
        "url": "https://github.com/sponsors/colinhacks"
      }
    },
    "packages/bootstrap": {
      "name": "@asc-agent/bootstrap",
      "version": "0.3.2",
      "license": "ISC",
      "dependencies": {
        "@asc-agent/runtime": "0.3.2"
      },
      "bin": {
        "asc-bootstrap": "dist/cli.js"
      },
      "engines": {
        "node": ">=24"
      }
    },
    "packages/runtime": {
      "name": "@asc-agent/runtime",
      "version": "0.3.2",
      "license": "ISC",
      "dependencies": {
        "zod": "^3.25.76"
      },
      "bin": {
        "asc": "dist/cli/asc.js"
      },
      "engines": {
        "node": ">=24"
      }
    }
  }
}
